
Microsoft Visual Studio Solution File, Format Version 12.00
# Visual Studio Version 16
VisualStudioVersion = 16.0.30717.126
MinimumVisualStudioVersion = 10.0.40219.1
Project("{9A19103F-16F7-4668-BE54-9A1E7A4F7556}") = "SdaiaSurvey", "SdaiaSurvey\SdaiaSurvey.csproj", "{1A29690F-2872-43AB-AD58-E35BF6E987CE}"
EndProject
Project("{9A19103F-16F7-4668-BE54-9A1E7A4F7556}") = "Sdaia.FileStorage", "FileStorage\Sdaia.FileStorage.csproj", "{6CF770BF-3469-4FD7-A21A-1F57E11F2B33}"
EndProject
Global
	GlobalSection(SolutionConfigurationPlatforms) = preSolution
		Debug|Any CPU = Debug|Any CPU
		Release|Any CPU = Release|Any CPU
	EndGlobalSection
	GlobalSection(ProjectConfigurationPlatforms) = postSolution
		{1A29690F-2872-43AB-AD58-E35BF6E987CE}.Debug|Any CPU.ActiveCfg = Debug|Any CPU
		{1A29690F-2872-43AB-AD58-E35BF6E987CE}.Debug|Any CPU.Build.0 = Debug|Any CPU
		{1A29690F-2872-43AB-AD58-E35BF6E987CE}.Release|Any CPU.ActiveCfg = Release|Any CPU
		{1A29690F-2872-43AB-AD58-E35BF6E987CE}.Release|Any CPU.Build.0 = Release|Any CPU
		{6CF770BF-3469-4FD7-A21A-1F57E11F2B33}.Debug|Any CPU.ActiveCfg = Debug|Any CPU
		{6CF770BF-3469-4FD7-A21A-1F57E11F2B33}.Debug|Any CPU.Build.0 = Debug|Any CPU
		{6CF770BF-3469-4FD7-A21A-1F57E11F2B33}.Release|Any CPU.ActiveCfg = Release|Any CPU
		{6CF770BF-3469-4FD7-A21A-1F57E11F2B33}.Release|Any CPU.Build.0 = Release|Any CPU
	EndGlobalSection
	GlobalSection(SolutionProperties) = preSolution
		HideSolutionNode = FALSE
	EndGlobalSection
	GlobalSection(ExtensibilityGlobals) = postSolution
		SolutionGuid = {3F9D4203-BEF3-4AC3-8920-E1BF8E4843A8}
	EndGlobalSection
EndGlobal
